
Microsoft Visual Studio Solution File, Format Version 12.00
# Visual Studio Version 17
VisualStudioVersion = 17.4.33205.214
MinimumVisualStudioVersion = 10.0.40219.1
Project("{FAE04EC0-301F-11D3-BF4B-00C04F79EFBC}") = "QRcode", "QRcode\QRcode.csproj", "{B9ABB17F-7D79-4F0F-9C90-A4FFBA28A3DA}"
EndProject
Global
	GlobalSection(SolutionConfigurationPlatforms) = preSolution
		Debug|Any CPU = Debug|Any CPU
		Release|Any CPU = Release|Any CPU
	EndGlobalSection
	GlobalSection(ProjectConfigurationPlatforms) = postSolution
		{B9ABB17F-7D79-4F0F-9C90-A4FFBA28A3DA}.Debug|Any CPU.ActiveCfg = Debug|Any CPU
		{B9ABB17F-7D79-4F0F-9C90-A4FFBA28A3DA}.Debug|Any CPU.Build.0 = Debug|Any CPU
		{B9ABB17F-7D79-4F0F-9C90-A4FFBA28A3DA}.Release|Any CPU.ActiveCfg = Release|Any CPU
		{B9ABB17F-7D79-4F0F-9C90-A4FFBA28A3DA}.Release|Any CPU.Build.0 = Release|Any CPU
	EndGlobalSection
	GlobalSection(SolutionProperties) = preSolution
		HideSolutionNode = FALSE
	EndGlobalSection
	GlobalSection(ExtensibilityGlobals) = postSolution
		SolutionGuid = {36BE4C38-0559-4377-B990-D015237F5146}
	EndGlobalSection
EndGlobal
